
Microsoft Visual Studio Solution File, Format Version 12.00
# Visual Studio Version 16
VisualStudioVersion = 16.0.29613.14
MinimumVisualStudioVersion = 10.0.40219.1
Project("{FAE04EC0-301F-11D3-BF4B-00C04F79EFBC}") = "MyLeasing.Common", "MyLeasing.Common\MyLeasing.Common.csproj", "{5FCBB4DA-FFBD-4CFE-9D33-E891BF0C1A08}"
EndProject
Project("{FAE04EC0-301F-11D3-BF4B-00C04F79EFBC}") = "Myleasing.Web", "Myleasing.Web\Myleasing.Web.csproj", "{20A8C0CC-FF30-4F11-ACBC-D2B4AAF91E3B}"
EndProject
Global
	GlobalSection(SolutionConfigurationPlatforms) = preSolution
		Debug|Any CPU = Debug|Any CPU
		Release|Any CPU = Release|Any CPU
	EndGlobalSection
	GlobalSection(ProjectConfigurationPlatforms) = postSolution
		{5FCBB4DA-FFBD-4CFE-9D33-E891BF0C1A08}.Debug|Any CPU.ActiveCfg = Debug|Any CPU
		{5FCBB4DA-FFBD-4CFE-9D33-E891BF0C1A08}.Debug|Any CPU.Build.0 = Debug|Any CPU
		{5FCBB4DA-FFBD-4CFE-9D33-E891BF0C1A08}.Release|Any CPU.ActiveCfg = Release|Any CPU
		{5FCBB4DA-FFBD-4CFE-9D33-E891BF0C1A08}.Release|Any CPU.Build.0 = Release|Any CPU
		{20A8C0CC-FF30-4F11-ACBC-D2B4AAF91E3B}.Debug|Any CPU.ActiveCfg = Debug|Any CPU
		{20A8C0CC-FF30-4F11-ACBC-D2B4AAF91E3B}.Debug|Any CPU.Build.0 = Debug|Any CPU
		{20A8C0CC-FF30-4F11-ACBC-D2B4AAF91E3B}.Release|Any CPU.ActiveCfg = Release|Any CPU
		{20A8C0CC-FF30-4F11-ACBC-D2B4AAF91E3B}.Release|Any CPU.Build.0 = Release|Any CPU
	EndGlobalSection
	GlobalSection(SolutionProperties) = preSolution
		HideSolutionNode = FALSE
	EndGlobalSection
	GlobalSection(ExtensibilityGlobals) = postSolution
		SolutionGuid = {61B27CED-FDC8-4E48-9622-48D7F28ED1B2}
	EndGlobalSection
EndGlobal
